// !$*UTF8*$!
{
	archiveVersion = 1;
	classes = {
	};
	objectVersion = 50;
	objects = {

/* Begin PBXBuildFile section */
		7C3EAFCC219010ED0050B3FE /* NewsTableViewCellViewModel.swift in Sources */ = {isa = PBXBuildFile; fileRef = 7C3EAFCB219010ED0050B3FE /* NewsTableViewCellViewModel.swift */; };
		7C548759218588F600D46A2F /* AppDelegate.swift in Sources */ = {isa = PBXBuildFile; fileRef = 7C548758218588F600D46A2F /* AppDelegate.swift */; };
		7C54875B218588F600D46A2F /* ViewController.swift in Sources */ = {isa = PBXBuildFile; fileRef = 7C54875A218588F600D46A2F /* ViewController.swift */; };
		7C54875E218588F600D46A2F /* Main.storyboard in Resources */ = {isa = PBXBuildFile; fileRef = 7C54875C218588F600D46A2F /* Main.storyboard */; };
		7C548760218588F800D46A2F /* Assets.xcassets in Resources */ = {isa = PBXBuildFile; fileRef = 7C54875F218588F800D46A2F /* Assets.xcassets */; };
		7C548763218588F800D46A2F /* LaunchScreen.storyboard in Resources */ = {isa = PBXBuildFile; fileRef = 7C548761218588F800D46A2F /* LaunchScreen.storyboard */; };
		7C84AB6E218A00920045F068 /* FakeDataProvider.swift in Sources */ = {isa = PBXBuildFile; fileRef = 7C84AB6D218A00920045F068 /* FakeDataProvider.swift */; };
		7CF3D30B21912BF30085D690 /* RequestHeaderBuilder.swift in Sources */ = {isa = PBXBuildFile; fileRef = 7CF3D30A21912BF30085D690 /* RequestHeaderBuilder.swift */; };
		7CF3D30E21912C240085D690 /* KeychainAccessor.swift in Sources */ = {isa = PBXBuildFile; fileRef = 7CF3D30D21912C240085D690 /* KeychainAccessor.swift */; };
		7CA4E12B218AC016008F841F /* NewsTableViewCell.swift in Sources */ = {isa = PBXBuildFile; fileRef = 7CA4E129218AC016008F841F /* NewsTableViewCell.swift */; };
		7CA4E12C218AC016008F841F /* NewsTableViewCell.xib in Resources */ = {isa = PBXBuildFile; fileRef = 7CA4E12A218AC016008F841F /* NewsTableViewCell.xib */; };
/* End PBXBuildFile section */

/* Begin PBXFileReference section */
		7C3EAFCB219010ED0050B3FE /* NewsTableViewCellViewModel.swift */ = {isa = PBXFileReference; lastKnownFileType = sourcecode.swift; path = NewsTableViewCellViewModel.swift; sourceTree = "<group>"; };
		7C548755218588F600D46A2F /* GHClient.app */ = {isa = PBXFileReference; explicitFileType = wrapper.application; includeInIndex = 0; path = GHClient.app; sourceTree = BUILT_PRODUCTS_DIR; };
		7C548758218588F600D46A2F /* AppDelegate.swift */ = {isa = PBXFileReference; lastKnownFileType = sourcecode.swift; path = AppDelegate.swift; sourceTree = "<group>"; };
		7C54875A218588F600D46A2F /* ViewController.swift */ = {isa = PBXFileReference; lastKnownFileType = sourcecode.swift; path = ViewController.swift; sourceTree = "<group>"; };
		7C54875D218588F600D46A2F /* Base */ = {isa = PBXFileReference; lastKnownFileType = file.storyboard; name = Base; path = Base.lproj/Main.storyboard; sourceTree = "<group>"; };
		7C54875F218588F800D46A2F /* Assets.xcassets */ = {isa = PBXFileReference; lastKnownFileType = folder.assetcatalog; path = Assets.xcassets; sourceTree = "<group>"; };
		7C548762218588F800D46A2F /* Base */ = {isa = PBXFileReference; lastKnownFileType = file.storyboard; name = Base; path = Base.lproj/LaunchScreen.storyboard; sourceTree = "<group>"; };
		7C548764218588F800D46A2F /* Info.plist */ = {isa = PBXFileReference; lastKnownFileType = text.plist.xml; path = Info.plist; sourceTree = "<group>"; };
		7C84AB6D218A00920045F068 /* FakeDataProvider.swift */ = {isa = PBXFileReference; lastKnownFileType = sourcecode.swift; path = FakeDataProvider.swift; sourceTree = "<group>"; };
		7CF3D30A21912BF30085D690 /* RequestHeaderBuilder.swift */ = {isa = PBXFileReference; lastKnownFileType = sourcecode.swift; path = RequestHeaderBuilder.swift; sourceTree = "<group>"; };
		7CF3D30D21912C240085D690 /* KeychainAccessor.swift */ = {isa = PBXFileReference; lastKnownFileType = sourcecode.swift; path = KeychainAccessor.swift; sourceTree = "<group>"; };
		7CA4E129218AC016008F841F /* NewsTableViewCell.swift */ = {isa = PBXFileReference; lastKnownFileType = sourcecode.swift; path = NewsTableViewCell.swift; sourceTree = "<group>"; };
		7CA4E12A218AC016008F841F /* NewsTableViewCell.xib */ = {isa = PBXFileReference; lastKnownFileType = file.xib; path = NewsTableViewCell.xib; sourceTree = "<group>"; };
/* End PBXFileReference section */

/* Begin PBXFrameworksBuildPhase section */
		7C548752218588F600D46A2F /* Frameworks */ = {
			isa = PBXFrameworksBuildPhase;
			buildActionMask = 2147483647;
			files = (
			);
			runOnlyForDeploymentPostprocessing = 0;
		};
/* End PBXFrameworksBuildPhase section */

/* Begin PBXGroup section */
		7C54874C218588F600D46A2F = {
			isa = PBXGroup;
			children = (
				7C548757218588F600D46A2F /* GHClient */,
				7C548756218588F600D46A2F /* Products */,
			);
			sourceTree = "<group>";
		};
		7C548756218588F600D46A2F /* Products */ = {
			isa = PBXGroup;
			children = (
				7C548755218588F600D46A2F /* GHClient.app */,
			);
			name = Products;
			sourceTree = "<group>";
		};
		7C548757218588F600D46A2F /* GHClient */ = {
			isa = PBXGroup;
			children = (
				7CF3D30C21912C0F0085D690 /* Keychain */,
				7CF3D30921912BDF0085D690 /* Networking */,
				7C84AB6C218A00750045F068 /* FakeData */,
				7C548758218588F600D46A2F /* AppDelegate.swift */,
				7C54875A218588F600D46A2F /* ViewController.swift */,
				7C54875C218588F600D46A2F /* Main.storyboard */,
				7C54875F218588F800D46A2F /* Assets.xcassets */,
				7C548761218588F800D46A2F /* LaunchScreen.storyboard */,
				7C548764218588F800D46A2F /* Info.plist */,
				7CA4E129218AC016008F841F /* NewsTableViewCell.swift */,
				7CA4E12A218AC016008F841F /* NewsTableViewCell.xib */,
				7C3EAFCB219010ED0050B3FE /* NewsTableViewCellViewModel.swift */,
			);
			path = GHClient;
			sourceTree = "<group>";
		};
		7C84AB6C218A00750045F068 /* FakeData */ = {
			isa = PBXGroup;
			children = (
				7C84AB6D218A00920045F068 /* FakeDataProvider.swift */,
			);
			name = FakeData;
			sourceTree = "<group>";
		};
		7CF3D30921912BDF0085D690 /* Networking */ = {
			isa = PBXGroup;
			children = (
				7CF3D30A21912BF30085D690 /* RequestHeaderBuilder.swift */,
			);
			name = Networking;
			sourceTree = "<group>";
		};
		7CF3D30C21912C0F0085D690 /* Keychain */ = {
			isa = PBXGroup;
			children = (
				7CF3D30D21912C240085D690 /* KeychainAccessor.swift */,
			);
			name = Keychain;
			sourceTree = "<group>";
		};
/* End PBXGroup section */

/* Begin PBXNativeTarget section */
		7C548754218588F600D46A2F /* GHClient */ = {
			isa = PBXNativeTarget;
			buildConfigurationList = 7C548767218588F800D46A2F /* Build configuration list for PBXNativeTarget "GHClient" */;
			buildPhases = (
				7C548751218588F600D46A2F /* Sources */,
				7C548752218588F600D46A2F /* Frameworks */,
				7C548753218588F600D46A2F /* Resources */,
			);
			buildRules = (
			);
			dependencies = (
			);
			name = GHClient;
			productName = "ghclient-ios";
			productReference = 7C548755218588F600D46A2F /* GHClient.app */;
			productType = "com.apple.product-type.application";
		};
/* End PBXNativeTarget section */

/* Begin PBXProject section */
		7C54874D218588F600D46A2F /* Project object */ = {
			isa = PBXProject;
			attributes = {
				LastSwiftUpdateCheck = 1000;
				LastUpgradeCheck = 1000;
				ORGANIZATIONNAME = com.thoughtworks.workshop;
				TargetAttributes = {
					7C548754218588F600D46A2F = {
						CreatedOnToolsVersion = 10.0;
					};
				};
			};
			buildConfigurationList = 7C548750218588F600D46A2F /* Build configuration list for PBXProject "GHClient" */;
			compatibilityVersion = "Xcode 9.3";
			developmentRegion = en;
			hasScannedForEncodings = 0;
			knownRegions = (
				en,
				Base,
			);
			mainGroup = 7C54874C218588F600D46A2F;
			productRefGroup = 7C548756218588F600D46A2F /* Products */;
			projectDirPath = "";
			projectRoot = "";
			targets = (
				7C548754218588F600D46A2F /* GHClient */,
			);
		};
/* End PBXProject section */

/* Begin PBXResourcesBuildPhase section */
		7C548753218588F600D46A2F /* Resources */ = {
			isa = PBXResourcesBuildPhase;
			buildActionMask = 2147483647;
			files = (
				7C548763218588F800D46A2F /* LaunchScreen.storyboard in Resources */,
				7C548760218588F800D46A2F /* Assets.xcassets in Resources */,
				7CA4E12C218AC016008F841F /* NewsTableViewCell.xib in Resources */,
				7C54875E218588F600D46A2F /* Main.storyboard in Resources */,
			);
			runOnlyForDeploymentPostprocessing = 0;
		};
/* End PBXResourcesBuildPhase section */

/* Begin PBXSourcesBuildPhase section */
		7C548751218588F600D46A2F /* Sources */ = {
			isa = PBXSourcesBuildPhase;
			buildActionMask = 2147483647;
			files = (
				7C84AB6E218A00920045F068 /* FakeDataProvider.swift in Sources */,
				7C54875B218588F600D46A2F /* ViewController.swift in Sources */,
				7CF3D30B21912BF30085D690 /* RequestHeaderBuilder.swift in Sources */,
				7CF3D30E21912C240085D690 /* KeychainAccessor.swift in Sources */,
				7CA4E12B218AC016008F841F /* NewsTableViewCell.swift in Sources */,
				7C548759218588F600D46A2F /* AppDelegate.swift in Sources */,
				7C3EAFCC219010ED0050B3FE /* NewsTableViewCellViewModel.swift in Sources */,
			);
			runOnlyForDeploymentPostprocessing = 0;
		};
/* End PBXSourcesBuildPhase section */

/* Begin PBXVariantGroup section */
		7C54875C218588F600D46A2F /* Main.storyboard */ = {
			isa = PBXVariantGroup;
			children = (
				7C54875D218588F600D46A2F /* Base */,
			);
			name = Main.storyboard;
			sourceTree = "<group>";
		};
		7C548761218588F800D46A2F /* LaunchScreen.storyboard */ = {
			isa = PBXVariantGroup;
			children = (
				7C548762218588F800D46A2F /* Base */,
			);
			name = LaunchScreen.storyboard;
			sourceTree = "<group>";
		};
/* End PBXVariantGroup section */

/* Begin XCBuildConfiguration section */
		7C548765218588F800D46A2F /* Debug */ = {
			isa = XCBuildConfiguration;
			buildSettings = {
				ALWAYS_SEARCH_USER_PATHS = NO;
				CLANG_ANALYZER_NONNULL = YES;
				CLANG_ANALYZER_NUMBER_OBJECT_CONVERSION = YES_AGGRESSIVE;
				CLANG_CXX_LANGUAGE_STANDARD = "gnu++14";
				CLANG_CXX_LIBRARY = "libc++";
				CLANG_ENABLE_MODULES = YES;
				CLANG_ENABLE_OBJC_ARC = YES;
				CLANG_ENABLE_OBJC_WEAK = YES;
				CLANG_WARN_BLOCK_CAPTURE_AUTORELEASING = YES;
				CLANG_WARN_BOOL_CONVERSION = YES;
				CLANG_WARN_COMMA = YES;
				CLANG_WARN_CONSTANT_CONVERSION = YES;
				CLANG_WARN_DEPRECATED_OBJC_IMPLEMENTATIONS = YES;
				CLANG_WARN_DIRECT_OBJC_ISA_USAGE = YES_ERROR;
				CLANG_WARN_DOCUMENTATION_COMMENTS = YES;
				CLANG_WARN_EMPTY_BODY = YES;
				CLANG_WARN_ENUM_CONVERSION = YES;
				CLANG_WARN_INFINITE_RECURSION = YES;
				CLANG_WARN_INT_CONVERSION = YES;
				CLANG_WARN_NON_LITERAL_NULL_CONVERSION = YES;
				CLANG_WARN_OBJC_IMPLICIT_RETAIN_SELF = YES;
				CLANG_WARN_OBJC_LITERAL_CONVERSION = YES;
				CLANG_WARN_OBJC_ROOT_CLASS = YES_ERROR;
				CLANG_WARN_RANGE_LOOP_ANALYSIS = YES;
				CLANG_WARN_STRICT_PROTOTYPES = YES;
				CLANG_WARN_SUSPICIOUS_MOVE = YES;
				CLANG_WARN_UNGUARDED_AVAILABILITY = YES_AGGRESSIVE;
				CLANG_WARN_UNREACHABLE_CODE = YES;
				CLANG_WARN__DUPLICATE_METHOD_MATCH = YES;
				CODE_SIGN_IDENTITY = "iPhone Developer";
				COPY_PHASE_STRIP = NO;
				DEBUG_INFORMATION_FORMAT = dwarf;
				ENABLE_STRICT_OBJC_MSGSEND = YES;
				ENABLE_TESTABILITY = YES;
				GCC_C_LANGUAGE_STANDARD = gnu11;
				GCC_DYNAMIC_NO_PIC = NO;
				GCC_NO_COMMON_BLOCKS = YES;
				GCC_OPTIMIZATION_LEVEL = 0;
				GCC_PREPROCESSOR_DEFINITIONS = (
					"DEBUG=1",
					"$(inherited)",
				);
				GCC_WARN_64_TO_32_BIT_CONVERSION = YES;
				GCC_WARN_ABOUT_RETURN_TYPE = YES_ERROR;
				GCC_WARN_UNDECLARED_SELECTOR = YES;
				GCC_WARN_UNINITIALIZED_AUTOS = YES_AGGRESSIVE;
				GCC_WARN_UNUSED_FUNCTION = YES;
				GCC_WARN_UNUSED_VARIABLE = YES;
				IPHONEOS_DEPLOYMENT_TARGET = 12.0;
				MTL_ENABLE_DEBUG_INFO = INCLUDE_SOURCE;
				MTL_FAST_MATH = YES;
				ONLY_ACTIVE_ARCH = YES;
				SDKROOT = iphoneos;
				SWIFT_ACTIVE_COMPILATION_CONDITIONS = DEBUG;
				SWIFT_OPTIMIZATION_LEVEL = "-Onone";
			};
			name = Debug;
		};
		7C548766218588F800D46A2F /* Release */ = {
			isa = XCBuildConfiguration;
			buildSettings = {
				ALWAYS_SEARCH_USER_PATHS = NO;
				CLANG_ANALYZER_NONNULL = YES;
				CLANG_ANALYZER_NUMBER_OBJECT_CONVERSION = YES_AGGRESSIVE;
				CLANG_CXX_LANGUAGE_STANDARD = "gnu++14";
				CLANG_CXX_LIBRARY = "libc++";
				CLANG_ENABLE_MODULES = YES;
				CLANG_ENABLE_OBJC_ARC = YES;
				CLANG_ENABLE_OBJC_WEAK = YES;
				CLANG_WARN_BLOCK_CAPTURE_AUTORELEASING = YES;
				CLANG_WARN_BOOL_CONVERSION = YES;
				CLANG_WARN_COMMA = YES;
				CLANG_WARN_CONSTANT_CONVERSION = YES;
				CLANG_WARN_DEPRECATED_OBJC_IMPLEMENTATIONS = YES;
				CLANG_WARN_DIRECT_OBJC_ISA_USAGE = YES_ERROR;
				CLANG_WARN_DOCUMENTATION_COMMENTS = YES;
				CLANG_WARN_EMPTY_BODY = YES;
				CLANG_WARN_ENUM_CONVERSION = YES;
				CLANG_WARN_INFINITE_RECURSION = YES;
				CLANG_WARN_INT_CONVERSION = YES;
				CLANG_WARN_NON_LITERAL_NULL_CONVERSION = YES;
				CLANG_WARN_OBJC_IMPLICIT_RETAIN_SELF = YES;
				CLANG_WARN_OBJC_LITERAL_CONVERSION = YES;
				CLANG_WARN_OBJC_ROOT_CLASS = YES_ERROR;
				CLANG_WARN_RANGE_LOOP_ANALYSIS = YES;
				CLANG_WARN_STRICT_PROTOTYPES = YES;
				CLANG_WARN_SUSPICIOUS_MOVE = YES;
				CLANG_WARN_UNGUARDED_AVAILABILITY = YES_AGGRESSIVE;
				CLANG_WARN_UNREACHABLE_CODE = YES;
				CLANG_WARN__DUPLICATE_METHOD_MATCH = YES;
				CODE_SIGN_IDENTITY = "iPhone Developer";
				COPY_PHASE_STRIP = NO;
				DEBUG_INFORMATION_FORMAT = "dwarf-with-dsym";
				ENABLE_NS_ASSERTIONS = NO;
				ENABLE_STRICT_OBJC_MSGSEND = YES;
				GCC_C_LANGUAGE_STANDARD = gnu11;
				GCC_NO_COMMON_BLOCKS = YES;
				GCC_WARN_64_TO_32_BIT_CONVERSION = YES;
				GCC_WARN_ABOUT_RETURN_TYPE = YES_ERROR;
				GCC_WARN_UNDECLARED_SELECTOR = YES;
				GCC_WARN_UNINITIALIZED_AUTOS = YES_AGGRESSIVE;
				GCC_WARN_UNUSED_FUNCTION = YES;
				GCC_WARN_UNUSED_VARIABLE = YES;
				IPHONEOS_DEPLOYMENT_TARGET = 12.0;
				MTL_ENABLE_DEBUG_INFO = NO;
				MTL_FAST_MATH = YES;
				SDKROOT = iphoneos;
				SWIFT_COMPILATION_MODE = wholemodule;
				SWIFT_OPTIMIZATION_LEVEL = "-O";
				VALIDATE_PRODUCT = YES;
			};
			name = Release;
		};
		7C548768218588F800D46A2F /* Debug */ = {
			isa = XCBuildConfiguration;
			buildSettings = {
				ASSETCATALOG_COMPILER_APPICON_NAME = AppIcon;
				CODE_SIGN_STYLE = Automatic;
				INFOPLIST_FILE = GHClient/Info.plist;
				LD_RUNPATH_SEARCH_PATHS = (
					"$(inherited)",
					"@executable_path/Frameworks",
				);
				PRODUCT_BUNDLE_IDENTIFIER = "com.thoughtworks.workshop.ghclient-ios";
				PRODUCT_NAME = "$(TARGET_NAME)";
				SWIFT_VERSION = 4.2;
				TARGETED_DEVICE_FAMILY = "1,2";
			};
			name = Debug;
		};
		7C548769218588F800D46A2F /* Release */ = {
			isa = XCBuildConfiguration;
			buildSettings = {
				ASSETCATALOG_COMPILER_APPICON_NAME = AppIcon;
				CODE_SIGN_STYLE = Automatic;
				INFOPLIST_FILE = GHClient/Info.plist;
				LD_RUNPATH_SEARCH_PATHS = (
					"$(inherited)",
					"@executable_path/Frameworks",
				);
				PRODUCT_BUNDLE_IDENTIFIER = "com.thoughtworks.workshop.ghclient-ios";
				PRODUCT_NAME = "$(TARGET_NAME)";
				SWIFT_VERSION = 4.2;
				TARGETED_DEVICE_FAMILY = "1,2";
			};
			name = Release;
		};
/* End XCBuildConfiguration section */

/* Begin XCConfigurationList section */
		7C548750218588F600D46A2F /* Build configuration list for PBXProject "GHClient" */ = {
			isa = XCConfigurationList;
			buildConfigurations = (
				7C548765218588F800D46A2F /* Debug */,
				7C548766218588F800D46A2F /* Release */,
			);
			defaultConfigurationIsVisible = 0;
			defaultConfigurationName = Release;
		};
		7C548767218588F800D46A2F /* Build configuration list for PBXNativeTarget "GHClient" */ = {
			isa = XCConfigurationList;
			buildConfigurations = (
				7C548768218588F800D46A2F /* Debug */,
				7C548769218588F800D46A2F /* Release */,
			);
			defaultConfigurationIsVisible = 0;
			defaultConfigurationName = Release;
		};
/* End XCConfigurationList section */
	};
	rootObject = 7C54874D218588F600D46A2F /* Project object */;
}
